
Microsoft Visual Studio Solution File, Format Version 12.00
# Visual Studio Version 16
VisualStudioVersion = 16.0.30204.135
MinimumVisualStudioVersion = 10.0.40219.1
Project("{8BC9CEB8-8B4A-11D0-8D11-00A0C91BC942}") = "Demo03", "Demo03\Demo03.vcxproj", "{7B0EB7BB-D51E-402E-BDA1-A581276FD96F}"
EndProject
Global
	GlobalSection(SolutionConfigurationPlatforms) = preSolution
		Debug|x64 = Debug|x64
		Debug|x86 = Debug|x86
		Release|x64 = Release|x64
		Release|x86 = Release|x86
	EndGlobalSection
	GlobalSection(ProjectConfigurationPlatforms) = postSolution
		{7B0EB7BB-D51E-402E-BDA1-A581276FD96F}.Debug|x64.ActiveCfg = Debug|x64
		{7B0EB7BB-D51E-402E-BDA1-A581276FD96F}.Debug|x64.Build.0 = Debug|x64
		{7B0EB7BB-D51E-402E-BDA1-A581276FD96F}.Debug|x86.ActiveCfg = Debug|Win32
		{7B0EB7BB-D51E-402E-BDA1-A581276FD96F}.Debug|x86.Build.0 = Debug|Win32
		{7B0EB7BB-D51E-402E-BDA1-A581276FD96F}.Release|x64.ActiveCfg = Release|x64
		{7B0EB7BB-D51E-402E-BDA1-A581276FD96F}.Release|x64.Build.0 = Release|x64
		{7B0EB7BB-D51E-402E-BDA1-A581276FD96F}.Release|x86.ActiveCfg = Release|Win32
		{7B0EB7BB-D51E-402E-BDA1-A581276FD96F}.Release|x86.Build.0 = Release|Win32
	EndGlobalSection
	GlobalSection(SolutionProperties) = preSolution
		HideSolutionNode = FALSE
	EndGlobalSection
	GlobalSection(ExtensibilityGlobals) = postSolution
		SolutionGuid = {A1B8CE26-5472-4646-8AD2-8E9C91635385}
	EndGlobalSection
EndGlobal
